
Microsoft Visual Studio Solution File, Format Version 12.00
# Visual Studio 14
VisualStudioVersion = 14.0.23107.0
MinimumVisualStudioVersion = 10.0.40219.1
Project("{FAE04EC0-301F-11D3-BF4B-00C04F79EFBC}") = "Quanter.StrategyServer", "Quanter.Trader.StrategyServer\Quanter.StrategyServer.csproj", "{F0E12B5E-7012-4345-B4A4-BE4CEDCE5E91}"
EndProject
Project("{FAE04EC0-301F-11D3-BF4B-00C04F79EFBC}") = "Quanter.Trader.Messages", "Quanter.Trader.Messages\Quanter.Trader.Messages.csproj", "{DDE08214-EC3A-4DD7-8CEE-49973E17AE8F}"
EndProject
Project("{FAE04EC0-301F-11D3-BF4B-00C04F79EFBC}") = "Quanter.Trader.Indicator", "Quanter.Trader.Indicator\Quanter.Trader.Indicator.csproj", "{44A87744-BF18-4658-A45C-FC4CBACA7E0F}"
EndProject
Project("{FAE04EC0-301F-11D3-BF4B-00C04F79EFBC}") = "Quanter.Common", "Quanter.Common\Quanter.Common.csproj", "{A3FA3C71-A7B0-4BB6-BD32-0AEE20493593}"
EndProject
Project("{FAE04EC0-301F-11D3-BF4B-00C04F79EFBC}") = "Quanter.Trader.Gui", "Quanter.Trader.Gui\Quanter.Trader.Gui.csproj", "{C37DE5A0-3069-4ECA-8560-7FF207A93CAD}"
EndProject
Project("{FAE04EC0-301F-11D3-BF4B-00C04F79EFBC}") = "Quanter.MarketServer", "Quanter.Trader.MarketServer\Quanter.MarketServer.csproj", "{6D5C9C0A-3C0F-47F3-9BFF-2621CB1C5F10}"
EndProject
Project("{FAE04EC0-301F-11D3-BF4B-00C04F79EFBC}") = "Quanter.Market.Sina", "Quanter.Market.Sina\Quanter.Market.Sina.csproj", "{EE7D7C04-1126-4C3F-8E24-A7A6008ED8A1}"
EndProject
Project("{FAE04EC0-301F-11D3-BF4B-00C04F79EFBC}") = "Quanter.Persistence.Server", "Quanter.Persistence\Quanter.Persistence.Server.csproj", "{351AAA08-F483-403C-B4A4-A5725381C5E4}"
EndProject
Project("{2150E333-8FDC-42A3-9474-1A3956D46DE8}") = "strategies", "strategies", "{24893ABE-9BBF-44DD-89FA-170DEAA59E4B}"
EndProject
Project("{2150E333-8FDC-42A3-9474-1A3956D46DE8}") = "market", "market", "{B2FB459D-0E52-4ACB-98E9-B7DF7F7B4CD8}"
EndProject
Project("{2150E333-8FDC-42A3-9474-1A3956D46DE8}") = "persistence", "persistence", "{4280B15A-5CC0-49D0-A1FC-39A45FDA384C}"
EndProject
Project("{2150E333-8FDC-42A3-9474-1A3956D46DE8}") = "trader", "trader", "{2C415701-2C13-452D-A6BD-48A89F125FF6}"
EndProject
Project("{FAE04EC0-301F-11D3-BF4B-00C04F79EFBC}") = "Quanter.Trader.Connector", "Quanter.Trader.Connector\Quanter.Trader.Connector.csproj", "{5DC68754-1D48-41A0-A3EE-BF91B336EF93}"
EndProject
Project("{FAE04EC0-301F-11D3-BF4B-00C04F79EFBC}") = "DemoStrategy", "DemoStrategy\DemoStrategy.csproj", "{9A3793DB-03DE-4C99-9525-C7C7BEE9CB93}"
EndProject
Project("{2150E333-8FDC-42A3-9474-1A3956D46DE8}") = "tests", "tests", "{88FAA4F4-0FE2-4C1E-A593-AEF83F35BC56}"
EndProject
Project("{FAE04EC0-301F-11D3-BF4B-00C04F79EFBC}") = "Tests.Quanter.Persistence", "Tests.Quanter.Persistence\Tests.Quanter.Persistence.csproj", "{86C3100A-2B80-4232-972B-4AA2AC97FD81}"
EndProject
Project("{FAE04EC0-301F-11D3-BF4B-00C04F79EFBC}") = "Quanter.BusinessEntity", "Quanter.BusinessEntity\Quanter.BusinessEntity.csproj", "{34DB14A6-E4ED-4C4A-8CA6-939201A572BE}"
EndProject
Project("{2150E333-8FDC-42A3-9474-1A3956D46DE8}") = "tests", "tests", "{6FDC62DC-8096-4BB4-A1A4-180AB6A83090}"
EndProject
Project("{2150E333-8FDC-42A3-9474-1A3956D46DE8}") = "tests", "tests", "{67A9170D-BBBF-45BF-B2E3-EF8D1B1BF809}"
EndProject
Global
	GlobalSection(SolutionConfigurationPlatforms) = preSolution
		Debug|Any CPU = Debug|Any CPU
		Release|Any CPU = Release|Any CPU
	EndGlobalSection
	GlobalSection(ProjectConfigurationPlatforms) = postSolution
		{F0E12B5E-7012-4345-B4A4-BE4CEDCE5E91}.Debug|Any CPU.ActiveCfg = Debug|Any CPU
		{F0E12B5E-7012-4345-B4A4-BE4CEDCE5E91}.Debug|Any CPU.Build.0 = Debug|Any CPU
		{F0E12B5E-7012-4345-B4A4-BE4CEDCE5E91}.Release|Any CPU.ActiveCfg = Release|Any CPU
		{F0E12B5E-7012-4345-B4A4-BE4CEDCE5E91}.Release|Any CPU.Build.0 = Release|Any CPU
		{DDE08214-EC3A-4DD7-8CEE-49973E17AE8F}.Debug|Any CPU.ActiveCfg = Debug|Any CPU
		{DDE08214-EC3A-4DD7-8CEE-49973E17AE8F}.Debug|Any CPU.Build.0 = Debug|Any CPU
		{DDE08214-EC3A-4DD7-8CEE-49973E17AE8F}.Release|Any CPU.ActiveCfg = Release|Any CPU
		{DDE08214-EC3A-4DD7-8CEE-49973E17AE8F}.Release|Any CPU.Build.0 = Release|Any CPU
		{44A87744-BF18-4658-A45C-FC4CBACA7E0F}.Debug|Any CPU.ActiveCfg = Debug|Any CPU
		{44A87744-BF18-4658-A45C-FC4CBACA7E0F}.Debug|Any CPU.Build.0 = Debug|Any CPU
		{44A87744-BF18-4658-A45C-FC4CBACA7E0F}.Release|Any CPU.ActiveCfg = Release|Any CPU
		{44A87744-BF18-4658-A45C-FC4CBACA7E0F}.Release|Any CPU.Build.0 = Release|Any CPU
		{A3FA3C71-A7B0-4BB6-BD32-0AEE20493593}.Debug|Any CPU.ActiveCfg = Debug|Any CPU
		{A3FA3C71-A7B0-4BB6-BD32-0AEE20493593}.Debug|Any CPU.Build.0 = Debug|Any CPU
		{A3FA3C71-A7B0-4BB6-BD32-0AEE20493593}.Release|Any CPU.ActiveCfg = Release|Any CPU
		{A3FA3C71-A7B0-4BB6-BD32-0AEE20493593}.Release|Any CPU.Build.0 = Release|Any CPU
		{C37DE5A0-3069-4ECA-8560-7FF207A93CAD}.Debug|Any CPU.ActiveCfg = Debug|Any CPU
		{C37DE5A0-3069-4ECA-8560-7FF207A93CAD}.Debug|Any CPU.Build.0 = Debug|Any CPU
		{C37DE5A0-3069-4ECA-8560-7FF207A93CAD}.Release|Any CPU.ActiveCfg = Release|Any CPU
		{C37DE5A0-3069-4ECA-8560-7FF207A93CAD}.Release|Any CPU.Build.0 = Release|Any CPU
		{6D5C9C0A-3C0F-47F3-9BFF-2621CB1C5F10}.Debug|Any CPU.ActiveCfg = Debug|Any CPU
		{6D5C9C0A-3C0F-47F3-9BFF-2621CB1C5F10}.Debug|Any CPU.Build.0 = Debug|Any CPU
		{6D5C9C0A-3C0F-47F3-9BFF-2621CB1C5F10}.Release|Any CPU.ActiveCfg = Release|Any CPU
		{6D5C9C0A-3C0F-47F3-9BFF-2621CB1C5F10}.Release|Any CPU.Build.0 = Release|Any CPU
		{EE7D7C04-1126-4C3F-8E24-A7A6008ED8A1}.Debug|Any CPU.ActiveCfg = Debug|Any CPU
		{EE7D7C04-1126-4C3F-8E24-A7A6008ED8A1}.Debug|Any CPU.Build.0 = Debug|Any CPU
		{EE7D7C04-1126-4C3F-8E24-A7A6008ED8A1}.Release|Any CPU.ActiveCfg = Release|Any CPU
		{EE7D7C04-1126-4C3F-8E24-A7A6008ED8A1}.Release|Any CPU.Build.0 = Release|Any CPU
		{351AAA08-F483-403C-B4A4-A5725381C5E4}.Debug|Any CPU.ActiveCfg = Debug|Any CPU
		{351AAA08-F483-403C-B4A4-A5725381C5E4}.Debug|Any CPU.Build.0 = Debug|Any CPU
		{351AAA08-F483-403C-B4A4-A5725381C5E4}.Release|Any CPU.ActiveCfg = Release|Any CPU
		{351AAA08-F483-403C-B4A4-A5725381C5E4}.Release|Any CPU.Build.0 = Release|Any CPU
		{5DC68754-1D48-41A0-A3EE-BF91B336EF93}.Debug|Any CPU.ActiveCfg = Debug|Any CPU
		{5DC68754-1D48-41A0-A3EE-BF91B336EF93}.Debug|Any CPU.Build.0 = Debug|Any CPU
		{5DC68754-1D48-41A0-A3EE-BF91B336EF93}.Release|Any CPU.ActiveCfg = Release|Any CPU
		{5DC68754-1D48-41A0-A3EE-BF91B336EF93}.Release|Any CPU.Build.0 = Release|Any CPU
		{9A3793DB-03DE-4C99-9525-C7C7BEE9CB93}.Debug|Any CPU.ActiveCfg = Debug|Any CPU
		{9A3793DB-03DE-4C99-9525-C7C7BEE9CB93}.Debug|Any CPU.Build.0 = Debug|Any CPU
		{9A3793DB-03DE-4C99-9525-C7C7BEE9CB93}.Release|Any CPU.ActiveCfg = Release|Any CPU
		{9A3793DB-03DE-4C99-9525-C7C7BEE9CB93}.Release|Any CPU.Build.0 = Release|Any CPU
		{86C3100A-2B80-4232-972B-4AA2AC97FD81}.Debug|Any CPU.ActiveCfg = Debug|Any CPU
		{86C3100A-2B80-4232-972B-4AA2AC97FD81}.Debug|Any CPU.Build.0 = Debug|Any CPU
		{86C3100A-2B80-4232-972B-4AA2AC97FD81}.Release|Any CPU.ActiveCfg = Release|Any CPU
		{86C3100A-2B80-4232-972B-4AA2AC97FD81}.Release|Any CPU.Build.0 = Release|Any CPU
		{34DB14A6-E4ED-4C4A-8CA6-939201A572BE}.Debug|Any CPU.ActiveCfg = Debug|Any CPU
		{34DB14A6-E4ED-4C4A-8CA6-939201A572BE}.Debug|Any CPU.Build.0 = Debug|Any CPU
		{34DB14A6-E4ED-4C4A-8CA6-939201A572BE}.Release|Any CPU.ActiveCfg = Release|Any CPU
		{34DB14A6-E4ED-4C4A-8CA6-939201A572BE}.Release|Any CPU.Build.0 = Release|Any CPU
	EndGlobalSection
	GlobalSection(SolutionProperties) = preSolution
		HideSolutionNode = FALSE
	EndGlobalSection
	GlobalSection(NestedProjects) = preSolution
		{F0E12B5E-7012-4345-B4A4-BE4CEDCE5E91} = {24893ABE-9BBF-44DD-89FA-170DEAA59E4B}
		{6D5C9C0A-3C0F-47F3-9BFF-2621CB1C5F10} = {B2FB459D-0E52-4ACB-98E9-B7DF7F7B4CD8}
		{EE7D7C04-1126-4C3F-8E24-A7A6008ED8A1} = {B2FB459D-0E52-4ACB-98E9-B7DF7F7B4CD8}
		{351AAA08-F483-403C-B4A4-A5725381C5E4} = {4280B15A-5CC0-49D0-A1FC-39A45FDA384C}
		{5DC68754-1D48-41A0-A3EE-BF91B336EF93} = {2C415701-2C13-452D-A6BD-48A89F125FF6}
		{9A3793DB-03DE-4C99-9525-C7C7BEE9CB93} = {24893ABE-9BBF-44DD-89FA-170DEAA59E4B}
		{88FAA4F4-0FE2-4C1E-A593-AEF83F35BC56} = {4280B15A-5CC0-49D0-A1FC-39A45FDA384C}
		{86C3100A-2B80-4232-972B-4AA2AC97FD81} = {88FAA4F4-0FE2-4C1E-A593-AEF83F35BC56}
		{34DB14A6-E4ED-4C4A-8CA6-939201A572BE} = {4280B15A-5CC0-49D0-A1FC-39A45FDA384C}
		{6FDC62DC-8096-4BB4-A1A4-180AB6A83090} = {24893ABE-9BBF-44DD-89FA-170DEAA59E4B}
		{67A9170D-BBBF-45BF-B2E3-EF8D1B1BF809} = {B2FB459D-0E52-4ACB-98E9-B7DF7F7B4CD8}
	EndGlobalSection
EndGlobal
